// !$*UTF8*$!
{
	archiveVersion = 1;
	classes = {
	};
	objectVersion = 55;
	objects = {

/* Begin PBXBuildFile section */
		D2D907A928946256009EED99 /* AppDelegate.swift in Sources */ = {isa = PBXBuildFile; fileRef = D2D907A828946256009EED99 /* AppDelegate.swift */; };
		D2D907AB28946256009EED99 /* SceneDelegate.swift in Sources */ = {isa = PBXBuildFile; fileRef = D2D907AA28946256009EED99 /* SceneDelegate.swift */; };
		D2D907AD28946256009EED99 /* ViewController.swift in Sources */ = {isa = PBXBuildFile; fileRef = D2D907AC28946256009EED99 /* ViewController.swift */; };
		D2D907B028946256009EED99 /* Main.storyboard in Resources */ = {isa = PBXBuildFile; fileRef = D2D907AE28946256009EED99 /* Main.storyboard */; };
		D2D907B22894625A009EED99 /* Assets.xcassets in Resources */ = {isa = PBXBuildFile; fileRef = D2D907B12894625A009EED99 /* Assets.xcassets */; };
		D2D907B52894625A009EED99 /* LaunchScreen.storyboard in Resources */ = {isa = PBXBuildFile; fileRef = D2D907B32894625A009EED99 /* LaunchScreen.storyboard */; };
		D2D907C02894625B009EED99 /* EarthQuakeTests.swift in Sources */ = {isa = PBXBuildFile; fileRef = D2D907BF2894625B009EED99 /* EarthQuakeTests.swift */; };
		D2D907CA2894625B009EED99 /* EarthQuakeUITests.swift in Sources */ = {isa = PBXBuildFile; fileRef = D2D907C92894625B009EED99 /* EarthQuakeUITests.swift */; };
		D2D907CC2894625B009EED99 /* EarthQuakeUITestsLaunchTests.swift in Sources */ = {isa = PBXBuildFile; fileRef = D2D907CB2894625B009EED99 /* EarthQuakeUITestsLaunchTests.swift */; };
		D2D907D928946365009EED99 /* DataService.swift in Sources */ = {isa = PBXBuildFile; fileRef = D2D907D828946365009EED99 /* DataService.swift */; };
		D2D907DC28946833009EED99 /* EarthQuakeData.swift in Sources */ = {isa = PBXBuildFile; fileRef = D2D907DB28946833009EED99 /* EarthQuakeData.swift */; };
		D2D907DF28948B23009EED99 /* DataServiceMgr.swift in Sources */ = {isa = PBXBuildFile; fileRef = D2D907DE28948B23009EED99 /* DataServiceMgr.swift */; };
		D2D907E2289493A1009EED99 /* EpochExt.swift in Sources */ = {isa = PBXBuildFile; fileRef = D2D907E1289493A1009EED99 /* EpochExt.swift */; };
		D2D907EC2894CDC9009EED99 /* EventCell.swift in Sources */ = {isa = PBXBuildFile; fileRef = D2D907EA2894CDC9009EED99 /* EventCell.swift */; };
		D2D907ED2894CDC9009EED99 /* EventCell.xib in Resources */ = {isa = PBXBuildFile; fileRef = D2D907EB2894CDC9009EED99 /* EventCell.xib */; };
/* End PBXBuildFile section */

/* Begin PBXContainerItemProxy section */
		D2D907BC2894625B009EED99 /* PBXContainerItemProxy */ = {
			isa = PBXContainerItemProxy;
			containerPortal = D2D9079D28946256009EED99 /* Project object */;
			proxyType = 1;
			remoteGlobalIDString = D2D907A428946256009EED99;
			remoteInfo = EarthQuake;
		};
		D2D907C62894625B009EED99 /* PBXContainerItemProxy */ = {
			isa = PBXContainerItemProxy;
			containerPortal = D2D9079D28946256009EED99 /* Project object */;
			proxyType = 1;
			remoteGlobalIDString = D2D907A428946256009EED99;
			remoteInfo = EarthQuake;
		};
/* End PBXContainerItemProxy section */

/* Begin PBXFileReference section */
		D2D907A528946256009EED99 /* EarthQuake.app */ = {isa = PBXFileReference; explicitFileType = wrapper.application; includeInIndex = 0; path = EarthQuake.app; sourceTree = BUILT_PRODUCTS_DIR; };
		D2D907A828946256009EED99 /* AppDelegate.swift */ = {isa = PBXFileReference; lastKnownFileType = sourcecode.swift; path = AppDelegate.swift; sourceTree = "<group>"; };
		D2D907AA28946256009EED99 /* SceneDelegate.swift */ = {isa = PBXFileReference; lastKnownFileType = sourcecode.swift; path = SceneDelegate.swift; sourceTree = "<group>"; };
		D2D907AC28946256009EED99 /* ViewController.swift */ = {isa = PBXFileReference; lastKnownFileType = sourcecode.swift; path = ViewController.swift; sourceTree = "<group>"; };
		D2D907AF28946256009EED99 /* Base */ = {isa = PBXFileReference; lastKnownFileType = file.storyboard; name = Base; path = Base.lproj/Main.storyboard; sourceTree = "<group>"; };
		D2D907B12894625A009EED99 /* Assets.xcassets */ = {isa = PBXFileReference; lastKnownFileType = folder.assetcatalog; path = Assets.xcassets; sourceTree = "<group>"; };
		D2D907B42894625A009EED99 /* Base */ = {isa = PBXFileReference; lastKnownFileType = file.storyboard; name = Base; path = Base.lproj/LaunchScreen.storyboard; sourceTree = "<group>"; };
		D2D907B62894625A009EED99 /* Info.plist */ = {isa = PBXFileReference; lastKnownFileType = text.plist.xml; path = Info.plist; sourceTree = "<group>"; };
		D2D907BB2894625B009EED99 /* EarthQuakeTests.xctest */ = {isa = PBXFileReference; explicitFileType = wrapper.cfbundle; includeInIndex = 0; path = EarthQuakeTests.xctest; sourceTree = BUILT_PRODUCTS_DIR; };
		D2D907BF2894625B009EED99 /* EarthQuakeTests.swift */ = {isa = PBXFileReference; lastKnownFileType = sourcecode.swift; path = EarthQuakeTests.swift; sourceTree = "<group>"; };
		D2D907C52894625B009EED99 /* EarthQuakeUITests.xctest */ = {isa = PBXFileReference; explicitFileType = wrapper.cfbundle; includeInIndex = 0; path = EarthQuakeUITests.xctest; sourceTree = BUILT_PRODUCTS_DIR; };
		D2D907C92894625B009EED99 /* EarthQuakeUITests.swift */ = {isa = PBXFileReference; lastKnownFileType = sourcecode.swift; path = EarthQuakeUITests.swift; sourceTree = "<group>"; };
		D2D907CB2894625B009EED99 /* EarthQuakeUITestsLaunchTests.swift */ = {isa = PBXFileReference; lastKnownFileType = sourcecode.swift; path = EarthQuakeUITestsLaunchTests.swift; sourceTree = "<group>"; };
		D2D907D828946365009EED99 /* DataService.swift */ = {isa = PBXFileReference; lastKnownFileType = sourcecode.swift; path = DataService.swift; sourceTree = "<group>"; };
		D2D907DB28946833009EED99 /* EarthQuakeData.swift */ = {isa = PBXFileReference; lastKnownFileType = sourcecode.swift; path = EarthQuakeData.swift; sourceTree = "<group>"; };
		D2D907DE28948B23009EED99 /* DataServiceMgr.swift */ = {isa = PBXFileReference; lastKnownFileType = sourcecode.swift; path = DataServiceMgr.swift; sourceTree = "<group>"; };
		D2D907E1289493A1009EED99 /* EpochExt.swift */ = {isa = PBXFileReference; lastKnownFileType = sourcecode.swift; path = EpochExt.swift; sourceTree = "<group>"; };
		D2D907EA2894CDC9009EED99 /* EventCell.swift */ = {isa = PBXFileReference; lastKnownFileType = sourcecode.swift; path = EventCell.swift; sourceTree = "<group>"; };
		D2D907EB2894CDC9009EED99 /* EventCell.xib */ = {isa = PBXFileReference; lastKnownFileType = file.xib; path = EventCell.xib; sourceTree = "<group>"; };
/* End PBXFileReference section */

/* Begin PBXFrameworksBuildPhase section */
		D2D907A228946256009EED99 /* Frameworks */ = {
			isa = PBXFrameworksBuildPhase;
			buildActionMask = 2147483647;
			files = (
			);
			runOnlyForDeploymentPostprocessing = 0;
		};
		D2D907B82894625B009EED99 /* Frameworks */ = {
			isa = PBXFrameworksBuildPhase;
			buildActionMask = 2147483647;
			files = (
			);
			runOnlyForDeploymentPostprocessing = 0;
		};
		D2D907C22894625B009EED99 /* Frameworks */ = {
			isa = PBXFrameworksBuildPhase;
			buildActionMask = 2147483647;
			files = (
			);
			runOnlyForDeploymentPostprocessing = 0;
		};
/* End PBXFrameworksBuildPhase section */

/* Begin PBXGroup section */
		D2D9079C28946256009EED99 = {
			isa = PBXGroup;
			children = (
				D2D907A728946256009EED99 /* EarthQuake */,
				D2D907BE2894625B009EED99 /* EarthQuakeTests */,
				D2D907C82894625B009EED99 /* EarthQuakeUITests */,
				D2D907A628946256009EED99 /* Products */,
			);
			sourceTree = "<group>";
		};
		D2D907A628946256009EED99 /* Products */ = {
			isa = PBXGroup;
			children = (
				D2D907A528946256009EED99 /* EarthQuake.app */,
				D2D907BB2894625B009EED99 /* EarthQuakeTests.xctest */,
				D2D907C52894625B009EED99 /* EarthQuakeUITests.xctest */,
			);
			name = Products;
			sourceTree = "<group>";
		};
		D2D907A728946256009EED99 /* EarthQuake */ = {
			isa = PBXGroup;
			children = (
				D2D907E52894BCE2009EED99 /* View */,
				D2D907E02894938F009EED99 /* Util */,
				D2D907DD28946A61009EED99 /* Service */,
				D2D907DA289463A9009EED99 /* Model */,
				D2D907A828946256009EED99 /* AppDelegate.swift */,
				D2D907AA28946256009EED99 /* SceneDelegate.swift */,
				D2D907AC28946256009EED99 /* ViewController.swift */,
				D2D907AE28946256009EED99 /* Main.storyboard */,
				D2D907B12894625A009EED99 /* Assets.xcassets */,
				D2D907B32894625A009EED99 /* LaunchScreen.storyboard */,
				D2D907B62894625A009EED99 /* Info.plist */,
			);
			path = EarthQuake;
			sourceTree = "<group>";
		};
		D2D907BE2894625B009EED99 /* EarthQuakeTests */ = {
			isa = PBXGroup;
			children = (
				D2D907BF2894625B009EED99 /* EarthQuakeTests.swift */,
			);
			path = EarthQuakeTests;
			sourceTree = "<group>";
		};
		D2D907C82894625B009EED99 /* EarthQuakeUITests */ = {
			isa = PBXGroup;
			children = (
				D2D907C92894625B009EED99 /* EarthQuakeUITests.swift */,
				D2D907CB2894625B009EED99 /* EarthQuakeUITestsLaunchTests.swift */,
			);
			path = EarthQuakeUITests;
			sourceTree = "<group>";
		};
		D2D907DA289463A9009EED99 /* Model */ = {
			isa = PBXGroup;
			children = (
				D2D907DB28946833009EED99 /* EarthQuakeData.swift */,
			);
			path = Model;
			sourceTree = "<group>";
		};
		D2D907DD28946A61009EED99 /* Service */ = {
			isa = PBXGroup;
			children = (
				D2D907D828946365009EED99 /* DataService.swift */,
				D2D907DE28948B23009EED99 /* DataServiceMgr.swift */,
			);
			path = Service;
			sourceTree = "<group>";
		};
		D2D907E02894938F009EED99 /* Util */ = {
			isa = PBXGroup;
			children = (
				D2D907E1289493A1009EED99 /* EpochExt.swift */,
			);
			path = Util;
			sourceTree = "<group>";
		};
		D2D907E52894BCE2009EED99 /* View */ = {
			isa = PBXGroup;
			children = (
				D2D907EA2894CDC9009EED99 /* EventCell.swift */,
				D2D907EB2894CDC9009EED99 /* EventCell.xib */,
			);
			path = View;
			sourceTree = "<group>";
		};
/* End PBXGroup section */

/* Begin PBXNativeTarget section */
		D2D907A428946256009EED99 /* EarthQuake */ = {
			isa = PBXNativeTarget;
			buildConfigurationList = D2D907CF2894625B009EED99 /* Build configuration list for PBXNativeTarget "EarthQuake" */;
			buildPhases = (
				D2D907A128946256009EED99 /* Sources */,
				D2D907A228946256009EED99 /* Frameworks */,
				D2D907A328946256009EED99 /* Resources */,
			);
			buildRules = (
			);
			dependencies = (
			);
			name = EarthQuake;
			productName = EarthQuake;
			productReference = D2D907A528946256009EED99 /* EarthQuake.app */;
			productType = "com.apple.product-type.application";
		};
		D2D907BA2894625B009EED99 /* EarthQuakeTests */ = {
			isa = PBXNativeTarget;
			buildConfigurationList = D2D907D22894625B009EED99 /* Build configuration list for PBXNativeTarget "EarthQuakeTests" */;
			buildPhases = (
				D2D907B72894625B009EED99 /* Sources */,
				D2D907B82894625B009EED99 /* Frameworks */,
				D2D907B92894625B009EED99 /* Resources */,
			);
			buildRules = (
			);
			dependencies = (
				D2D907BD2894625B009EED99 /* PBXTargetDependency */,
			);
			name = EarthQuakeTests;
			productName = EarthQuakeTests;
			productReference = D2D907BB2894625B009EED99 /* EarthQuakeTests.xctest */;
			productType = "com.apple.product-type.bundle.unit-test";
		};
		D2D907C42894625B009EED99 /* EarthQuakeUITests */ = {
			isa = PBXNativeTarget;
			buildConfigurationList = D2D907D52894625B009EED99 /* Build configuration list for PBXNativeTarget "EarthQuakeUITests" */;
			buildPhases = (
				D2D907C12894625B009EED99 /* Sources */,
				D2D907C22894625B009EED99 /* Frameworks */,
				D2D907C32894625B009EED99 /* Resources */,
			);
			buildRules = (
			);
			dependencies = (
				D2D907C72894625B009EED99 /* PBXTargetDependency */,
			);
			name = EarthQuakeUITests;
			productName = EarthQuakeUITests;
			productReference = D2D907C52894625B009EED99 /* EarthQuakeUITests.xctest */;
			productType = "com.apple.product-type.bundle.ui-testing";
		};
/* End PBXNativeTarget section */

/* Begin PBXProject section */
		D2D9079D28946256009EED99 /* Project object */ = {
			isa = PBXProject;
			attributes = {
				BuildIndependentTargetsInParallel = 1;
				LastSwiftUpdateCheck = 1330;
				LastUpgradeCheck = 1330;
				TargetAttributes = {
					D2D907A428946256009EED99 = {
						CreatedOnToolsVersion = 13.3;
					};
					D2D907BA2894625B009EED99 = {
						CreatedOnToolsVersion = 13.3;
						TestTargetID = D2D907A428946256009EED99;
					};
					D2D907C42894625B009EED99 = {
						CreatedOnToolsVersion = 13.3;
						TestTargetID = D2D907A428946256009EED99;
					};
				};
			};
			buildConfigurationList = D2D907A028946256009EED99 /* Build configuration list for PBXProject "EarthQuake" */;
			compatibilityVersion = "Xcode 13.0";
			developmentRegion = en;
			hasScannedForEncodings = 0;
			knownRegions = (
				en,
				Base,
			);
			mainGroup = D2D9079C28946256009EED99;
			productRefGroup = D2D907A628946256009EED99 /* Products */;
			projectDirPath = "";
			projectRoot = "";
			targets = (
				D2D907A428946256009EED99 /* EarthQuake */,
				D2D907BA2894625B009EED99 /* EarthQuakeTests */,
				D2D907C42894625B009EED99 /* EarthQuakeUITests */,
			);
		};
/* End PBXProject section */

/* Begin PBXResourcesBuildPhase section */
		D2D907A328946256009EED99 /* Resources */ = {
			isa = PBXResourcesBuildPhase;
			buildActionMask = 2147483647;
			files = (
				D2D907ED2894CDC9009EED99 /* EventCell.xib in Resources */,
				D2D907B52894625A009EED99 /* LaunchScreen.storyboard in Resources */,
				D2D907B22894625A009EED99 /* Assets.xcassets in Resources */,
				D2D907B028946256009EED99 /* Main.storyboard in Resources */,
			);
			runOnlyForDeploymentPostprocessing = 0;
		};
		D2D907B92894625B009EED99 /* Resources */ = {
			isa = PBXResourcesBuildPhase;
			buildActionMask = 2147483647;
			files = (
			);
			runOnlyForDeploymentPostprocessing = 0;
		};
		D2D907C32894625B009EED99 /* Resources */ = {
			isa = PBXResourcesBuildPhase;
			buildActionMask = 2147483647;
			files = (
			);
			runOnlyForDeploymentPostprocessing = 0;
		};
/* End PBXResourcesBuildPhase section */

/* Begin PBXSourcesBuildPhase section */
		D2D907A128946256009EED99 /* Sources */ = {
			isa = PBXSourcesBuildPhase;
			buildActionMask = 2147483647;
			files = (
				D2D907DC28946833009EED99 /* EarthQuakeData.swift in Sources */,
				D2D907EC2894CDC9009EED99 /* EventCell.swift in Sources */,
				D2D907E2289493A1009EED99 /* EpochExt.swift in Sources */,
				D2D907AD28946256009EED99 /* ViewController.swift in Sources */,
				D2D907DF28948B23009EED99 /* DataServiceMgr.swift in Sources */,
				D2D907A928946256009EED99 /* AppDelegate.swift in Sources */,
				D2D907AB28946256009EED99 /* SceneDelegate.swift in Sources */,
				D2D907D928946365009EED99 /* DataService.swift in Sources */,
			);
			runOnlyForDeploymentPostprocessing = 0;
		};
		D2D907B72894625B009EED99 /* Sources */ = {
			isa = PBXSourcesBuildPhase;
			buildActionMask = 2147483647;
			files = (
				D2D907C02894625B009EED99 /* EarthQuakeTests.swift in Sources */,
			);
			runOnlyForDeploymentPostprocessing = 0;
		};
		D2D907C12894625B009EED99 /* Sources */ = {
			isa = PBXSourcesBuildPhase;
			buildActionMask = 2147483647;
			files = (
				D2D907CA2894625B009EED99 /* EarthQuakeUITests.swift in Sources */,
				D2D907CC2894625B009EED99 /* EarthQuakeUITestsLaunchTests.swift in Sources */,
			);
			runOnlyForDeploymentPostprocessing = 0;
		};
/* End PBXSourcesBuildPhase section */

/* Begin PBXTargetDependency section */
		D2D907BD2894625B009EED99 /* PBXTargetDependency */ = {
			isa = PBXTargetDependency;
			target = D2D907A428946256009EED99 /* EarthQuake */;
			targetProxy = D2D907BC2894625B009EED99 /* PBXContainerItemProxy */;
		};
		D2D907C72894625B009EED99 /* PBXTargetDependency */ = {
			isa = PBXTargetDependency;
			target = D2D907A428946256009EED99 /* EarthQuake */;
			targetProxy = D2D907C62894625B009EED99 /* PBXContainerItemProxy */;
		};
/* End PBXTargetDependency section */

/* Begin PBXVariantGroup section */
		D2D907AE28946256009EED99 /* Main.storyboard */ = {
			isa = PBXVariantGroup;
			children = (
				D2D907AF28946256009EED99 /* Base */,
			);
			name = Main.storyboard;
			sourceTree = "<group>";
		};
		D2D907B32894625A009EED99 /* LaunchScreen.storyboard */ = {
			isa = PBXVariantGroup;
			children = (
				D2D907B42894625A009EED99 /* Base */,
			);
			name = LaunchScreen.storyboard;
			sourceTree = "<group>";
		};
/* End PBXVariantGroup section */

/* Begin XCBuildConfiguration section */
		D2D907CD2894625B009EED99 /* Debug */ = {
			isa = XCBuildConfiguration;
			buildSettings = {
				ALWAYS_SEARCH_USER_PATHS = NO;
				CLANG_ANALYZER_NONNULL = YES;
				CLANG_ANALYZER_NUMBER_OBJECT_CONVERSION = YES_AGGRESSIVE;
				CLANG_CXX_LANGUAGE_STANDARD = "gnu++17";
				CLANG_ENABLE_MODULES = YES;
				CLANG_ENABLE_OBJC_ARC = YES;
				CLANG_ENABLE_OBJC_WEAK = YES;
				CLANG_WARN_BLOCK_CAPTURE_AUTORELEASING = YES;
				CLANG_WARN_BOOL_CONVERSION = YES;
				CLANG_WARN_COMMA = YES;
				CLANG_WARN_CONSTANT_CONVERSION = YES;
				CLANG_WARN_DEPRECATED_OBJC_IMPLEMENTATIONS = YES;
				CLANG_WARN_DIRECT_OBJC_ISA_USAGE = YES_ERROR;
				CLANG_WARN_DOCUMENTATION_COMMENTS = YES;
				CLANG_WARN_EMPTY_BODY = YES;
				CLANG_WARN_ENUM_CONVERSION = YES;
				CLANG_WARN_INFINITE_RECURSION = YES;
				CLANG_WARN_INT_CONVERSION = YES;
				CLANG_WARN_NON_LITERAL_NULL_CONVERSION = YES;
				CLANG_WARN_OBJC_IMPLICIT_RETAIN_SELF = YES;
				CLANG_WARN_OBJC_LITERAL_CONVERSION = YES;
				CLANG_WARN_OBJC_ROOT_CLASS = YES_ERROR;
				CLANG_WARN_QUOTED_INCLUDE_IN_FRAMEWORK_HEADER = YES;
				CLANG_WARN_RANGE_LOOP_ANALYSIS = YES;
				CLANG_WARN_STRICT_PROTOTYPES = YES;
				CLANG_WARN_SUSPICIOUS_MOVE = YES;
				CLANG_WARN_UNGUARDED_AVAILABILITY = YES_AGGRESSIVE;
				CLANG_WARN_UNREACHABLE_CODE = YES;
				CLANG_WARN__DUPLICATE_METHOD_MATCH = YES;
				COPY_PHASE_STRIP = NO;
				DEBUG_INFORMATION_FORMAT = dwarf;
				ENABLE_STRICT_OBJC_MSGSEND = YES;
				ENABLE_TESTABILITY = YES;
				GCC_C_LANGUAGE_STANDARD = gnu11;
				GCC_DYNAMIC_NO_PIC = NO;
				GCC_NO_COMMON_BLOCKS = YES;
				GCC_OPTIMIZATION_LEVEL = 0;
				GCC_PREPROCESSOR_DEFINITIONS = (
					"DEBUG=1",
					"$(inherited)",
				);
				GCC_WARN_64_TO_32_BIT_CONVERSION = YES;
				GCC_WARN_ABOUT_RETURN_TYPE = YES_ERROR;
				GCC_WARN_UNDECLARED_SELECTOR = YES;
				GCC_WARN_UNINITIALIZED_AUTOS = YES_AGGRESSIVE;
				GCC_WARN_UNUSED_FUNCTION = YES;
				GCC_WARN_UNUSED_VARIABLE = YES;
				IPHONEOS_DEPLOYMENT_TARGET = 15.4;
				MTL_ENABLE_DEBUG_INFO = INCLUDE_SOURCE;
				MTL_FAST_MATH = YES;
				ONLY_ACTIVE_ARCH = YES;
				SDKROOT = iphoneos;
				SWIFT_ACTIVE_COMPILATION_CONDITIONS = DEBUG;
				SWIFT_OPTIMIZATION_LEVEL = "-Onone";
			};
			name = Debug;
		};
		D2D907CE2894625B009EED99 /* Release */ = {
			isa = XCBuildConfiguration;
			buildSettings = {
				ALWAYS_SEARCH_USER_PATHS = NO;
				CLANG_ANALYZER_NONNULL = YES;
				CLANG_ANALYZER_NUMBER_OBJECT_CONVERSION = YES_AGGRESSIVE;
				CLANG_CXX_LANGUAGE_STANDARD = "gnu++17";
				CLANG_ENABLE_MODULES = YES;
				CLANG_ENABLE_OBJC_ARC = YES;
				CLANG_ENABLE_OBJC_WEAK = YES;
				CLANG_WARN_BLOCK_CAPTURE_AUTORELEASING = YES;
				CLANG_WARN_BOOL_CONVERSION = YES;
				CLANG_WARN_COMMA = YES;
				CLANG_WARN_CONSTANT_CONVERSION = YES;
				CLANG_WARN_DEPRECATED_OBJC_IMPLEMENTATIONS = YES;
				CLANG_WARN_DIRECT_OBJC_ISA_USAGE = YES_ERROR;
				CLANG_WARN_DOCUMENTATION_COMMENTS = YES;
				CLANG_WARN_EMPTY_BODY = YES;
				CLANG_WARN_ENUM_CONVERSION = YES;
				CLANG_WARN_INFINITE_RECURSION = YES;
				CLANG_WARN_INT_CONVERSION = YES;
				CLANG_WARN_NON_LITERAL_NULL_CONVERSION = YES;
				CLANG_WARN_OBJC_IMPLICIT_RETAIN_SELF = YES;
				CLANG_WARN_OBJC_LITERAL_CONVERSION = YES;
				CLANG_WARN_OBJC_ROOT_CLASS = YES_ERROR;
				CLANG_WARN_QUOTED_INCLUDE_IN_FRAMEWORK_HEADER = YES;
				CLANG_WARN_RANGE_LOOP_ANALYSIS = YES;
				CLANG_WARN_STRICT_PROTOTYPES = YES;
				CLANG_WARN_SUSPICIOUS_MOVE = YES;
				CLANG_WARN_UNGUARDED_AVAILABILITY = YES_AGGRESSIVE;
				CLANG_WARN_UNREACHABLE_CODE = YES;
				CLANG_WARN__DUPLICATE_METHOD_MATCH = YES;
				COPY_PHASE_STRIP = NO;
				DEBUG_INFORMATION_FORMAT = "dwarf-with-dsym";
				ENABLE_NS_ASSERTIONS = NO;
				ENABLE_STRICT_OBJC_MSGSEND = YES;
				GCC_C_LANGUAGE_STANDARD = gnu11;
				GCC_NO_COMMON_BLOCKS = YES;
				GCC_WARN_64_TO_32_BIT_CONVERSION = YES;
				GCC_WARN_ABOUT_RETURN_TYPE = YES_ERROR;
				GCC_WARN_UNDECLARED_SELECTOR = YES;
				GCC_WARN_UNINITIALIZED_AUTOS = YES_AGGRESSIVE;
				GCC_WARN_UNUSED_FUNCTION = YES;
				GCC_WARN_UNUSED_VARIABLE = YES;
				IPHONEOS_DEPLOYMENT_TARGET = 15.4;
				MTL_ENABLE_DEBUG_INFO = NO;
				MTL_FAST_MATH = YES;
				SDKROOT = iphoneos;
				SWIFT_COMPILATION_MODE = wholemodule;
				SWIFT_OPTIMIZATION_LEVEL = "-O";
				VALIDATE_PRODUCT = YES;
			};
			name = Release;
		};
		D2D907D02894625B009EED99 /* Debug */ = {
			isa = XCBuildConfiguration;
			buildSettings = {
				ASSETCATALOG_COMPILER_APPICON_NAME = AppIcon;
				ASSETCATALOG_COMPILER_GLOBAL_ACCENT_COLOR_NAME = AccentColor;
				CODE_SIGN_STYLE = Automatic;
				CURRENT_PROJECT_VERSION = 1;
				DEVELOPMENT_TEAM = 248EF9MPA4;
				GENERATE_INFOPLIST_FILE = YES;
				INFOPLIST_FILE = EarthQuake/Info.plist;
				INFOPLIST_KEY_UIApplicationSupportsIndirectInputEvents = YES;
				INFOPLIST_KEY_UILaunchStoryboardName = LaunchScreen;
				INFOPLIST_KEY_UIMainStoryboardFile = Main;
				INFOPLIST_KEY_UISupportedInterfaceOrientations_iPad = "UIInterfaceOrientationPortrait UIInterfaceOrientationPortraitUpsideDown UIInterfaceOrientationLandscapeLeft UIInterfaceOrientationLandscapeRight";
				INFOPLIST_KEY_UISupportedInterfaceOrientations_iPhone = "UIInterfaceOrientationPortrait UIInterfaceOrientationLandscapeLeft UIInterfaceOrientationLandscapeRight";
				LD_RUNPATH_SEARCH_PATHS = (
					"$(inherited)",
					"@executable_path/Frameworks",
				);
				MARKETING_VERSION = 1.0;
				PRODUCT_BUNDLE_IDENTIFIER = com.pedro.EarthQuake;
				PRODUCT_NAME = "$(TARGET_NAME)";
				SWIFT_EMIT_LOC_STRINGS = YES;
				SWIFT_VERSION = 5.0;
				TARGETED_DEVICE_FAMILY = "1,2";
			};
			name = Debug;
		};
		D2D907D12894625B009EED99 /* Release */ = {
			isa = XCBuildConfiguration;
			buildSettings = {
				ASSETCATALOG_COMPILER_APPICON_NAME = AppIcon;
				ASSETCATALOG_COMPILER_GLOBAL_ACCENT_COLOR_NAME = AccentColor;
				CODE_SIGN_STYLE = Automatic;
				CURRENT_PROJECT_VERSION = 1;
				DEVELOPMENT_TEAM = 248EF9MPA4;
				GENERATE_INFOPLIST_FILE = YES;
				INFOPLIST_FILE = EarthQuake/Info.plist;
				INFOPLIST_KEY_UIApplicationSupportsIndirectInputEvents = YES;
				INFOPLIST_KEY_UILaunchStoryboardName = LaunchScreen;
				INFOPLIST_KEY_UIMainStoryboardFile = Main;
				INFOPLIST_KEY_UISupportedInterfaceOrientations_iPad = "UIInterfaceOrientationPortrait UIInterfaceOrientationPortraitUpsideDown UIInterfaceOrientationLandscapeLeft UIInterfaceOrientationLandscapeRight";
				INFOPLIST_KEY_UISupportedInterfaceOrientations_iPhone = "UIInterfaceOrientationPortrait UIInterfaceOrientationLandscapeLeft UIInterfaceOrientationLandscapeRight";
				LD_RUNPATH_SEARCH_PATHS = (
					"$(inherited)",
					"@executable_path/Frameworks",
				);
				MARKETING_VERSION = 1.0;
				PRODUCT_BUNDLE_IDENTIFIER = com.pedro.EarthQuake;
				PRODUCT_NAME = "$(TARGET_NAME)";
				SWIFT_EMIT_LOC_STRINGS = YES;
				SWIFT_VERSION = 5.0;
				TARGETED_DEVICE_FAMILY = "1,2";
			};
			name = Release;
		};
		D2D907D32894625B009EED99 /* Debug */ = {
			isa = XCBuildConfiguration;
			buildSettings = {
				ALWAYS_EMBED_SWIFT_STANDARD_LIBRARIES = YES;
				BUNDLE_LOADER = "$(TEST_HOST)";
				CODE_SIGN_STYLE = Automatic;
				CURRENT_PROJECT_VERSION = 1;
				DEVELOPMENT_TEAM = 248EF9MPA4;
				GENERATE_INFOPLIST_FILE = YES;
				IPHONEOS_DEPLOYMENT_TARGET = 15.4;
				MARKETING_VERSION = 1.0;
				PRODUCT_BUNDLE_IDENTIFIER = com.pedro.EarthQuakeTests;
				PRODUCT_NAME = "$(TARGET_NAME)";
				SWIFT_EMIT_LOC_STRINGS = NO;
				SWIFT_VERSION = 5.0;
				TARGETED_DEVICE_FAMILY = "1,2";
				TEST_HOST = "$(BUILT_PRODUCTS_DIR)/EarthQuake.app/EarthQuake";
			};
			name = Debug;
		};
		D2D907D42894625B009EED99 /* Release */ = {
			isa = XCBuildConfiguration;
			buildSettings = {
				ALWAYS_EMBED_SWIFT_STANDARD_LIBRARIES = YES;
				BUNDLE_LOADER = "$(TEST_HOST)";
				CODE_SIGN_STYLE = Automatic;
				CURRENT_PROJECT_VERSION = 1;
				DEVELOPMENT_TEAM = 248EF9MPA4;
				GENERATE_INFOPLIST_FILE = YES;
				IPHONEOS_DEPLOYMENT_TARGET = 15.4;
				MARKETING_VERSION = 1.0;
				PRODUCT_BUNDLE_IDENTIFIER = com.pedro.EarthQuakeTests;
				PRODUCT_NAME = "$(TARGET_NAME)";
				SWIFT_EMIT_LOC_STRINGS = NO;
				SWIFT_VERSION = 5.0;
				TARGETED_DEVICE_FAMILY = "1,2";
				TEST_HOST = "$(BUILT_PRODUCTS_DIR)/EarthQuake.app/EarthQuake";
			};
			name = Release;
		};
		D2D907D62894625B009EED99 /* Debug */ = {
			isa = XCBuildConfiguration;
			buildSettings = {
				ALWAYS_EMBED_SWIFT_STANDARD_LIBRARIES = YES;
				CODE_SIGN_STYLE = Automatic;
				CURRENT_PROJECT_VERSION = 1;
				DEVELOPMENT_TEAM = 248EF9MPA4;
				GENERATE_INFOPLIST_FILE = YES;
				MARKETING_VERSION = 1.0;
				PRODUCT_BUNDLE_IDENTIFIER = com.pedro.EarthQuakeUITests;
				PRODUCT_NAME = "$(TARGET_NAME)";
				SWIFT_EMIT_LOC_STRINGS = NO;
				SWIFT_VERSION = 5.0;
				TARGETED_DEVICE_FAMILY = "1,2";
				TEST_TARGET_NAME = EarthQuake;
			};
			name = Debug;
		};
		D2D907D72894625B009EED99 /* Release */ = {
			isa = XCBuildConfiguration;
			buildSettings = {
				ALWAYS_EMBED_SWIFT_STANDARD_LIBRARIES = YES;
				CODE_SIGN_STYLE = Automatic;
				CURRENT_PROJECT_VERSION = 1;
				DEVELOPMENT_TEAM = 248EF9MPA4;
				GENERATE_INFOPLIST_FILE = YES;
				MARKETING_VERSION = 1.0;
				PRODUCT_BUNDLE_IDENTIFIER = com.pedro.EarthQuakeUITests;
				PRODUCT_NAME = "$(TARGET_NAME)";
				SWIFT_EMIT_LOC_STRINGS = NO;
				SWIFT_VERSION = 5.0;
				TARGETED_DEVICE_FAMILY = "1,2";
				TEST_TARGET_NAME = EarthQuake;
			};
			name = Release;
		};
/* End XCBuildConfiguration section */

/* Begin XCConfigurationList section */
		D2D907A028946256009EED99 /* Build configuration list for PBXProject "EarthQuake" */ = {
			isa = XCConfigurationList;
			buildConfigurations = (
				D2D907CD2894625B009EED99 /* Debug */,
				D2D907CE2894625B009EED99 /* Release */,
			);
			defaultConfigurationIsVisible = 0;
			defaultConfigurationName = Release;
		};
		D2D907CF2894625B009EED99 /* Build configuration list for PBXNativeTarget "EarthQuake" */ = {
			isa = XCConfigurationList;
			buildConfigurations = (
				D2D907D02894625B009EED99 /* Debug */,
				D2D907D12894625B009EED99 /* Release */,
			);
			defaultConfigurationIsVisible = 0;
			defaultConfigurationName = Release;
		};
		D2D907D22894625B009EED99 /* Build configuration list for PBXNativeTarget "EarthQuakeTests" */ = {
			isa = XCConfigurationList;
			buildConfigurations = (
				D2D907D32894625B009EED99 /* Debug */,
				D2D907D42894625B009EED99 /* Release */,
			);
			defaultConfigurationIsVisible = 0;
			defaultConfigurationName = Release;
		};
		D2D907D52894625B009EED99 /* Build configuration list for PBXNativeTarget "EarthQuakeUITests" */ = {
			isa = XCConfigurationList;
			buildConfigurations = (
				D2D907D62894625B009EED99 /* Debug */,
				D2D907D72894625B009EED99 /* Release */,
			);
			defaultConfigurationIsVisible = 0;
			defaultConfigurationName = Release;
		};
/* End XCConfigurationList section */
	};
	rootObject = D2D9079D28946256009EED99 /* Project object */;
}
